
Microsoft Visual Studio Solution File, Format Version 12.00
# Visual Studio Version 16
VisualStudioVersion = 16.0.30104.148
MinimumVisualStudioVersion = 10.0.40219.1
Project("{9A19103F-16F7-4668-BE54-9A1E7A4F7556}") = "BookStore.API", "BookStore.API\BookStore.API.csproj", "{748F5A3C-305C-4ED5-B009-E5635D05E13F}"
EndProject
Project("{9A19103F-16F7-4668-BE54-9A1E7A4F7556}") = "BookStore-UI", "BookStore-UI\BookStore-UI.csproj", "{ED3DC559-B731-4F83-8B98-837ACE007F91}"
EndProject
Global
	GlobalSection(SolutionConfigurationPlatforms) = preSolution
		Debug|Any CPU = Debug|Any CPU
		Release|Any CPU = Release|Any CPU
	EndGlobalSection
	GlobalSection(ProjectConfigurationPlatforms) = postSolution
		{748F5A3C-305C-4ED5-B009-E5635D05E13F}.Debug|Any CPU.ActiveCfg = Debug|Any CPU
		{748F5A3C-305C-4ED5-B009-E5635D05E13F}.Debug|Any CPU.Build.0 = Debug|Any CPU
		{748F5A3C-305C-4ED5-B009-E5635D05E13F}.Release|Any CPU.ActiveCfg = Release|Any CPU
		{748F5A3C-305C-4ED5-B009-E5635D05E13F}.Release|Any CPU.Build.0 = Release|Any CPU
		{ED3DC559-B731-4F83-8B98-837ACE007F91}.Debug|Any CPU.ActiveCfg = Debug|Any CPU
		{ED3DC559-B731-4F83-8B98-837ACE007F91}.Debug|Any CPU.Build.0 = Debug|Any CPU
		{ED3DC559-B731-4F83-8B98-837ACE007F91}.Release|Any CPU.ActiveCfg = Release|Any CPU
		{ED3DC559-B731-4F83-8B98-837ACE007F91}.Release|Any CPU.Build.0 = Release|Any CPU
	EndGlobalSection
	GlobalSection(SolutionProperties) = preSolution
		HideSolutionNode = FALSE
	EndGlobalSection
	GlobalSection(ExtensibilityGlobals) = postSolution
		SolutionGuid = {9A314337-2F6E-4C66-ADA6-28972A1A10AA}
	EndGlobalSection
EndGlobal
